PODS:
  - desktop_drop (0.0.1):
    - FlutterMacOS
  - flutter_soloud (0.0.1):
    - FlutterMacOS
  - FlutterMacOS (1.0.0)
  - path_provider_foundation (0.0.1):
    - Flutter
    - FlutterMacOS

DEPENDENCIES:
  - desktop_drop (from `Flutter/ephemeral/.symlinks/plugins/desktop_drop/macos`)
  - flutter_soloud (from `Flutter/ephemeral/.symlinks/plugins/flutter_soloud/macos`)
  - FlutterMacOS (from `Flutter/ephemeral`)
  - path_provider_foundation (from `Flutter/ephemeral/.symlinks/plugins/path_provider_foundation/darwin`)

EXTERNAL SOURCES:
  desktop_drop:
    :path: Flutter/ephemeral/.symlinks/plugins/desktop_drop/macos
  flutter_soloud:
    :path: Flutter/ephemeral/.symlinks/plugins/flutter_soloud/macos
  FlutterMacOS:
    :path: Flutter/ephemeral
  path_provider_foundation:
    :path: Flutter/ephemeral/.symlinks/plugins/path_provider_foundation/darwin

SPEC CHECKSUMS:
  desktop_drop: e0b672a7d84c0a6cbc378595e82cdb15f2970a43
  flutter_soloud: ac107e865a1098789906160f086f4c3efca01b22
  FlutterMacOS: d0db08ddef1a9af05a5ec4b724367152bb0500b1
  path_provider_foundation: bb55f6dbba17d0dccd6737fe6f7f34fbd0376880

PODFILE CHECKSUM: ca5549d92d73fad8db0766c29478ae658c35cd2e

COCOAPODS: 1.16.2
